
Microsoft Visual Studio Solution File, Format Version 12.00
# Visual Studio Version 16
VisualStudioVersion = 16.0.32413.511
MinimumVisualStudioVersion = 10.0.40219.1
Project("{FAE04EC0-301F-11D3-BF4B-00C04F79EFBC}") = "Zipper", "Zipper\Zipper.csproj", "{67AF873A-DC83-4E57-AB30-1EABE51F7EB3}"
EndProject
Global
	GlobalSection(SolutionConfigurationPlatforms) = preSolution
		Debug|Any CPU = Debug|Any CPU
		Release|Any CPU = Release|Any CPU
	EndGlobalSection
	GlobalSection(ProjectConfigurationPlatforms) = postSolution
		{67AF873A-DC83-4E57-AB30-1EABE51F7EB3}.Debug|Any CPU.ActiveCfg = Debug|Any CPU
		{67AF873A-DC83-4E57-AB30-1EABE51F7EB3}.Debug|Any CPU.Build.0 = Debug|Any CPU
		{67AF873A-DC83-4E57-AB30-1EABE51F7EB3}.Release|Any CPU.ActiveCfg = Release|Any CPU
		{67AF873A-DC83-4E57-AB30-1EABE51F7EB3}.Release|Any CPU.Build.0 = Release|Any CPU
	EndGlobalSection
	GlobalSection(SolutionProperties) = preSolution
		HideSolutionNode = FALSE
	EndGlobalSection
	GlobalSection(ExtensibilityGlobals) = postSolution
		SolutionGuid = {456EDF6E-D6DC-49F8-89B7-CF1D90CBF538}
	EndGlobalSection
EndGlobal
